Microsoft Visual Studio Solution File, Format Version 12.00
# Visual Studio Version 17
VisualStudioVersion = 17.0.31717.71
MinimumVisualStudioVersion = 10.0.40219.1
Project("{2150E333-8FDC-42A3-9474-1A3956D46DE8}") = "src", "src", "{DDF4836A-1257-4323-A288-B5F277242010}"
EndProject
Project("{2150E333-8FDC-42A3-9474-1A3956D46DE8}") = "test", "test", "{91EC3980-0C87-484F-91E5-0FE684C1D2E0}"
EndProject
Project("{9A19103F-16F7-4668-BE54-9A1E7A4F7556}") = "SampleApplication", "sample\SampleApplication\SampleApplication.csproj", "{8F295344-3D7B-4983-88FD-D0E5C692CBAB}"
EndProject
Project("{FAE04EC0-301F-11D3-BF4B-00C04F79EFBC}") = "AET.SteamAbstraction", "src\AET.SteamAbstraction\AET.SteamAbstraction.csproj", "{8C4EA230-C426-150D-D7B3-EA1E855E255B}"
EndProject
Project("{FAE04EC0-301F-11D3-BF4B-00C04F79EFBC}") = "PG.StarWarsGame.Infrastructure", "src\PG.StarWarsGame.Infrastructure\PG.StarWarsGame.Infrastructure.csproj", "{B9F11D14-D989-BDCA-9269-454382B01C53}"
EndProject
Project("{FAE04EC0-301F-11D3-BF4B-00C04F79EFBC}") = "PG.StarWarsGame.Infrastructure.Test", "test\PG.StarWarsGame.Infrastructure.Test\PG.StarWarsGame.Infrastructure.Test.csproj", "{F7053C64-A450-9DEA-5498-A87A97577105}"
EndProject
Project("{FAE04EC0-301F-11D3-BF4B-00C04F79EFBC}") = "PG.StarWarsGame.Infrastructure.Clients.Steam", "src\PG.StarWarsGame.Infrastructure.Clients.Steam\PG.StarWarsGame.Infrastructure.Clients.Steam.csproj", "{F4D99F05-BC5F-5132-2C52-46F62BC056FC}"
EndProject
Project("{FAE04EC0-301F-11D3-BF4B-00C04F79EFBC}") = "PG.TestingUtilities", "test\PG.TestingUtilities\PG.TestingUtilities.csproj", "{74C227B8-02EB-7B90-EAEF-61488C697007}"
EndProject
Project("{FAE04EC0-301F-11D3-BF4B-00C04F79EFBC}") = "PG.StarWarsGame.Infrastructure.Testing", "test\PG.StarWarsGame.Infrastructure.Testing\PG.StarWarsGame.Infrastructure.Testing.csproj", "{06140CFC-149B-74F4-F4E4-CA9B143D75C9}"
EndProject
Project("{FAE04EC0-301F-11D3-BF4B-00C04F79EFBC}") = "PG.StarWarsGame.Infrastructure.Clients.Steam.Test", "test\PG.StarWarsGame.Infrastructure.Clients.Steam.Test\PG.StarWarsGame.Infrastructure.Clients.Steam.Test.csproj", "{CCAB24B1-B9CC-BDCB-A095-F4E3A81FD2DC}"
EndProject
Project("{FAE04EC0-301F-11D3-BF4B-00C04F79EFBC}") = "AET.SteamAbstraction.Test", "test\AET.SteamAbstraction.Test\AET.SteamAbstraction.Test.csproj", "{838099F7-115E-50F3-7091-E48526ADC83C}"
EndProject
Project("{FAE04EC0-301F-11D3-BF4B-00C04F79EFBC}") = "AET.SteamAbstraction.Testing", "test\AET.SteamAbstraction.Testing\AET.SteamAbstraction.Testing.csproj", "{C5BACDAD-F846-F75F-12DE-1EF1A8319549}"
EndProject
Global
	GlobalSection(SolutionConfigurationPlatforms) = preSolution
		Debug|Any CPU = Debug|Any CPU
		Release|Any CPU = Release|Any CPU
	EndGlobalSection
	GlobalSection(ProjectConfigurationPlatforms) = postSolution
		{8F295344-3D7B-4983-88FD-D0E5C692CBAB}.Debug|Any CPU.ActiveCfg = Debug|Any CPU
		{8F295344-3D7B-4983-88FD-D0E5C692CBAB}.Debug|Any CPU.Build.0 = Debug|Any CPU
		{8F295344-3D7B-4983-88FD-D0E5C692CBAB}.Release|Any CPU.ActiveCfg = Release|Any CPU
		{8F295344-3D7B-4983-88FD-D0E5C692CBAB}.Release|Any CPU.Build.0 = Release|Any CPU
		{8C4EA230-C426-150D-D7B3-EA1E855E255B}.Debug|Any CPU.ActiveCfg = Debug|Any CPU
		{8C4EA230-C426-150D-D7B3-EA1E855E255B}.Debug|Any CPU.Build.0 = Debug|Any CPU
		{8C4EA230-C426-150D-D7B3-EA1E855E255B}.Release|Any CPU.ActiveCfg = Release|Any CPU
		{8C4EA230-C426-150D-D7B3-EA1E855E255B}.Release|Any CPU.Build.0 = Release|Any CPU
		{B9F11D14-D989-BDCA-9269-454382B01C53}.Debug|Any CPU.ActiveCfg = Debug|Any CPU
		{B9F11D14-D989-BDCA-9269-454382B01C53}.Debug|Any CPU.Build.0 = Debug|Any CPU
		{B9F11D14-D989-BDCA-9269-454382B01C53}.Release|Any CPU.ActiveCfg = Release|Any CPU
		{B9F11D14-D989-BDCA-9269-454382B01C53}.Release|Any CPU.Build.0 = Release|Any CPU
		{F7053C64-A450-9DEA-5498-A87A97577105}.Debug|Any CPU.ActiveCfg = Debug|Any CPU
		{F7053C64-A450-9DEA-5498-A87A97577105}.Debug|Any CPU.Build.0 = Debug|Any CPU
		{F7053C64-A450-9DEA-5498-A87A97577105}.Release|Any CPU.ActiveCfg = Release|Any CPU
		{F7053C64-A450-9DEA-5498-A87A97577105}.Release|Any CPU.Build.0 = Release|Any CPU
		{F4D99F05-BC5F-5132-2C52-46F62BC056FC}.Debug|Any CPU.ActiveCfg = Debug|Any CPU
		{F4D99F05-BC5F-5132-2C52-46F62BC056FC}.Debug|Any CPU.Build.0 = Debug|Any CPU
		{F4D99F05-BC5F-5132-2C52-46F62BC056FC}.Release|Any CPU.ActiveCfg = Release|Any CPU
		{F4D99F05-BC5F-5132-2C52-46F62BC056FC}.Release|Any CPU.Build.0 = Release|Any CPU
		{74C227B8-02EB-7B90-EAEF-61488C697007}.Debug|Any CPU.ActiveCfg = Debug|Any CPU
		{74C227B8-02EB-7B90-EAEF-61488C697007}.Debug|Any CPU.Build.0 = Debug|Any CPU
		{74C227B8-02EB-7B90-EAEF-61488C697007}.Release|Any CPU.ActiveCfg = Release|Any CPU
		{74C227B8-02EB-7B90-EAEF-61488C697007}.Release|Any CPU.Build.0 = Release|Any CPU
		{06140CFC-149B-74F4-F4E4-CA9B143D75C9}.Debug|Any CPU.ActiveCfg = Debug|Any CPU
		{06140CFC-149B-74F4-F4E4-CA9B143D75C9}.Debug|Any CPU.Build.0 = Debug|Any CPU
		{06140CFC-149B-74F4-F4E4-CA9B143D75C9}.Release|Any CPU.ActiveCfg = Release|Any CPU
		{06140CFC-149B-74F4-F4E4-CA9B143D75C9}.Release|Any CPU.Build.0 = Release|Any CPU
		{CCAB24B1-B9CC-BDCB-A095-F4E3A81FD2DC}.Debug|Any CPU.ActiveCfg = Debug|Any CPU
		{CCAB24B1-B9CC-BDCB-A095-F4E3A81FD2DC}.Debug|Any CPU.Build.0 = Debug|Any CPU
		{CCAB24B1-B9CC-BDCB-A095-F4E3A81FD2DC}.Release|Any CPU.ActiveCfg = Release|Any CPU
		{CCAB24B1-B9CC-BDCB-A095-F4E3A81FD2DC}.Release|Any CPU.Build.0 = Release|Any CPU
		{838099F7-115E-50F3-7091-E48526ADC83C}.Debug|Any CPU.ActiveCfg = Debug|Any CPU
		{838099F7-115E-50F3-7091-E48526ADC83C}.Debug|Any CPU.Build.0 = Debug|Any CPU
		{838099F7-115E-50F3-7091-E48526ADC83C}.Release|Any CPU.ActiveCfg = Release|Any CPU
		{838099F7-115E-50F3-7091-E48526ADC83C}.Release|Any CPU.Build.0 = Release|Any CPU
		{C5BACDAD-F846-F75F-12DE-1EF1A8319549}.Debug|Any CPU.ActiveCfg = Debug|Any CPU
		{C5BACDAD-F846-F75F-12DE-1EF1A8319549}.Debug|Any CPU.Build.0 = Debug|Any CPU
		{C5BACDAD-F846-F75F-12DE-1EF1A8319549}.Release|Any CPU.ActiveCfg = Release|Any CPU
		{C5BACDAD-F846-F75F-12DE-1EF1A8319549}.Release|Any CPU.Build.0 = Release|Any CPU
	EndGlobalSection
	GlobalSection(SolutionProperties) = preSolution
		HideSolutionNode = FALSE
	EndGlobalSection
	GlobalSection(NestedProjects) = preSolution
		{8C4EA230-C426-150D-D7B3-EA1E855E255B} = {DDF4836A-1257-4323-A288-B5F277242010}
		{B9F11D14-D989-BDCA-9269-454382B01C53} = {DDF4836A-1257-4323-A288-B5F277242010}
		{F7053C64-A450-9DEA-5498-A87A97577105} = {91EC3980-0C87-484F-91E5-0FE684C1D2E0}
		{F4D99F05-BC5F-5132-2C52-46F62BC056FC} = {DDF4836A-1257-4323-A288-B5F277242010}
		{74C227B8-02EB-7B90-EAEF-61488C697007} = {91EC3980-0C87-484F-91E5-0FE684C1D2E0}
		{06140CFC-149B-74F4-F4E4-CA9B143D75C9} = {91EC3980-0C87-484F-91E5-0FE684C1D2E0}
		{CCAB24B1-B9CC-BDCB-A095-F4E3A81FD2DC} = {91EC3980-0C87-484F-91E5-0FE684C1D2E0}
		{838099F7-115E-50F3-7091-E48526ADC83C} = {91EC3980-0C87-484F-91E5-0FE684C1D2E0}
		{C5BACDAD-F846-F75F-12DE-1EF1A8319549} = {91EC3980-0C87-484F-91E5-0FE684C1D2E0}
	EndGlobalSection
	GlobalSection(ExtensibilityGlobals) = postSolution
		SolutionGuid = {76D00646-2467-4997-A19B-8299D8724D38}
	EndGlobalSection
EndGlobal
