
Microsoft Visual Studio Solution File, Format Version 12.00
# Visual Studio Version 17
VisualStudioVersion = 17.0.31717.71
MinimumVisualStudioVersion = 10.0.40219.1
Project("{2150E333-8FDC-42A3-9474-1A3956D46DE8}") = "src", "src", "{DDF4836A-1257-4323-A288-B5F277242010}"
EndProject
Project("{9A19103F-16F7-4668-BE54-9A1E7A4F7556}") = "PetroGlyph.Games.EawFoc.Test", "src\PetroGlyph.Games.EawFoc\test\PetroGlyph.Games.EawFoc.Test.csproj", "{90490B07-F4E3-4D1E-B3E3-FD059A0DAB8D}"
EndProject
Project("{9A19103F-16F7-4668-BE54-9A1E7A4F7556}") = "PetroGlyph.Games.EawFoc.Clients", "src\PetroGlyph.Games.EawFoc.Clients\src\PetroGlyph.Games.EawFoc.Clients.csproj", "{F622B36D-E5C9-4C14-B4B1-8871DCF1FF46}"
EndProject
Project("{9A19103F-16F7-4668-BE54-9A1E7A4F7556}") = "PetroGlyph.Games.EawFoc.Clients.Test", "src\PetroGlyph.Games.EawFoc.Clients\test\PetroGlyph.Games.EawFoc.Clients.Test.csproj", "{6BFBFB42-1556-4CFC-B3C6-DB5948F25477}"
EndProject
Project("{9A19103F-16F7-4668-BE54-9A1E7A4F7556}") = "PetroGlyph.Games.EawFoc.Clients.Windows", "src\PetroGlyph.Games.EawFoc.Clients.Windows\src\PetroGlyph.Games.EawFoc.Clients.Windows.csproj", "{3EB69B97-AD3F-4D72-BE49-D17547EE0895}"
EndProject
Project("{9A19103F-16F7-4668-BE54-9A1E7A4F7556}") = "PetroGlyph.Games.EawFoc", "src\PetroGlyph.Games.EawFoc\src\PetroGlyph.Games.EawFoc.csproj", "{6A14A57C-60E6-4DDE-B8F0-55ADB3A20758}"
EndProject
Project("{2150E333-8FDC-42A3-9474-1A3956D46DE8}") = "test", "test", "{91EC3980-0C87-484F-91E5-0FE684C1D2E0}"
EndProject
Global
	GlobalSection(SolutionConfigurationPlatforms) = preSolution
		Debug|Any CPU = Debug|Any CPU
		Release|Any CPU = Release|Any CPU
	EndGlobalSection
	GlobalSection(ProjectConfigurationPlatforms) = postSolution
		{90490B07-F4E3-4D1E-B3E3-FD059A0DAB8D}.Debug|Any CPU.ActiveCfg = Debug|Any CPU
		{90490B07-F4E3-4D1E-B3E3-FD059A0DAB8D}.Debug|Any CPU.Build.0 = Debug|Any CPU
		{90490B07-F4E3-4D1E-B3E3-FD059A0DAB8D}.Release|Any CPU.ActiveCfg = Release|Any CPU
		{90490B07-F4E3-4D1E-B3E3-FD059A0DAB8D}.Release|Any CPU.Build.0 = Release|Any CPU
		{F622B36D-E5C9-4C14-B4B1-8871DCF1FF46}.Debug|Any CPU.ActiveCfg = Debug|Any CPU
		{F622B36D-E5C9-4C14-B4B1-8871DCF1FF46}.Debug|Any CPU.Build.0 = Debug|Any CPU
		{F622B36D-E5C9-4C14-B4B1-8871DCF1FF46}.Release|Any CPU.ActiveCfg = Release|Any CPU
		{F622B36D-E5C9-4C14-B4B1-8871DCF1FF46}.Release|Any CPU.Build.0 = Release|Any CPU
		{6BFBFB42-1556-4CFC-B3C6-DB5948F25477}.Debug|Any CPU.ActiveCfg = Debug|Any CPU
		{6BFBFB42-1556-4CFC-B3C6-DB5948F25477}.Debug|Any CPU.Build.0 = Debug|Any CPU
		{6BFBFB42-1556-4CFC-B3C6-DB5948F25477}.Release|Any CPU.ActiveCfg = Release|Any CPU
		{6BFBFB42-1556-4CFC-B3C6-DB5948F25477}.Release|Any CPU.Build.0 = Release|Any CPU
		{3EB69B97-AD3F-4D72-BE49-D17547EE0895}.Debug|Any CPU.ActiveCfg = Debug|Any CPU
		{3EB69B97-AD3F-4D72-BE49-D17547EE0895}.Debug|Any CPU.Build.0 = Debug|Any CPU
		{3EB69B97-AD3F-4D72-BE49-D17547EE0895}.Release|Any CPU.ActiveCfg = Release|Any CPU
		{3EB69B97-AD3F-4D72-BE49-D17547EE0895}.Release|Any CPU.Build.0 = Release|Any CPU
		{6A14A57C-60E6-4DDE-B8F0-55ADB3A20758}.Debug|Any CPU.ActiveCfg = Debug|Any CPU
		{6A14A57C-60E6-4DDE-B8F0-55ADB3A20758}.Debug|Any CPU.Build.0 = Debug|Any CPU
		{6A14A57C-60E6-4DDE-B8F0-55ADB3A20758}.Release|Any CPU.ActiveCfg = Release|Any CPU
		{6A14A57C-60E6-4DDE-B8F0-55ADB3A20758}.Release|Any CPU.Build.0 = Release|Any CPU
	EndGlobalSection
	GlobalSection(SolutionProperties) = preSolution
		HideSolutionNode = FALSE
	EndGlobalSection
	GlobalSection(NestedProjects) = preSolution
		{90490B07-F4E3-4D1E-B3E3-FD059A0DAB8D} = {91EC3980-0C87-484F-91E5-0FE684C1D2E0}
		{F622B36D-E5C9-4C14-B4B1-8871DCF1FF46} = {DDF4836A-1257-4323-A288-B5F277242010}
		{6BFBFB42-1556-4CFC-B3C6-DB5948F25477} = {91EC3980-0C87-484F-91E5-0FE684C1D2E0}
		{3EB69B97-AD3F-4D72-BE49-D17547EE0895} = {DDF4836A-1257-4323-A288-B5F277242010}
		{6A14A57C-60E6-4DDE-B8F0-55ADB3A20758} = {DDF4836A-1257-4323-A288-B5F277242010}
	EndGlobalSection
	GlobalSection(ExtensibilityGlobals) = postSolution
		SolutionGuid = {76D00646-2467-4997-A19B-8299D8724D38}
	EndGlobalSection
EndGlobal
